// !$*UTF8*$!
{
	archiveVersion = 1;
	classes = {
	};
	objectVersion = 55;
	objects = {

/* Begin PBXBuildFile section */
		986D3E4E29B33F0500AE5B92 /* AppDelegate.swift in Sources */ = {isa = PBXBuildFile; fileRef = 986D3E4D29B33F0500AE5B92 /* AppDelegate.swift */; };
		986D3E5029B33F0500AE5B92 /* SceneDelegate.swift in Sources */ = {isa = PBXBuildFile; fileRef = 986D3E4F29B33F0500AE5B92 /* SceneDelegate.swift */; };
		986D3E5229B33F0500AE5B92 /* HomeViewController.swift in Sources */ = {isa = PBXBuildFile; fileRef = 986D3E5129B33F0500AE5B92 /* HomeViewController.swift */; };
		986D3E5829B33F0500AE5B92 /* SoundPlayCase.xcdatamodeld in Sources */ = {isa = PBXBuildFile; fileRef = 986D3E5629B33F0500AE5B92 /* SoundPlayCase.xcdatamodeld */; };
		986D3E5A29B33F0600AE5B92 /* Assets.xcassets in Resources */ = {isa = PBXBuildFile; fileRef = 986D3E5929B33F0600AE5B92 /* Assets.xcassets */; };
		986D3E5D29B33F0600AE5B92 /* LaunchScreen.storyboard in Resources */ = {isa = PBXBuildFile; fileRef = 986D3E5B29B33F0600AE5B92 /* LaunchScreen.storyboard */; };
		986D3E6829B33F0600AE5B92 /* SoundPlayCaseTests.swift in Sources */ = {isa = PBXBuildFile; fileRef = 986D3E6729B33F0600AE5B92 /* SoundPlayCaseTests.swift */; };
		986D3E7229B33F0600AE5B92 /* SoundPlayCaseUITests.swift in Sources */ = {isa = PBXBuildFile; fileRef = 986D3E7129B33F0600AE5B92 /* SoundPlayCaseUITests.swift */; };
		986D3E7429B33F0600AE5B92 /* SoundPlayCaseUITestsLaunchTests.swift in Sources */ = {isa = PBXBuildFile; fileRef = 986D3E7329B33F0600AE5B92 /* SoundPlayCaseUITestsLaunchTests.swift */; };
		986D3E8929B3455400AE5B92 /* TabBarViewController.swift in Sources */ = {isa = PBXBuildFile; fileRef = 986D3E8829B3455400AE5B92 /* TabBarViewController.swift */; };
		986D3E8B29B3465000AE5B92 /* AuthManager.swift in Sources */ = {isa = PBXBuildFile; fileRef = 986D3E8A29B3465000AE5B92 /* AuthManager.swift */; };
		986D3E8D29B3466400AE5B92 /* APICaller.swift in Sources */ = {isa = PBXBuildFile; fileRef = 986D3E8C29B3466400AE5B92 /* APICaller.swift */; };
		986D3E8F29B346E900AE5B92 /* Artist.swift in Sources */ = {isa = PBXBuildFile; fileRef = 986D3E8E29B346E900AE5B92 /* Artist.swift */; };
		986D3E9129B346FF00AE5B92 /* Playlist.swift in Sources */ = {isa = PBXBuildFile; fileRef = 986D3E9029B346FF00AE5B92 /* Playlist.swift */; };
		986D3E9329B3470A00AE5B92 /* UserProfile.swift in Sources */ = {isa = PBXBuildFile; fileRef = 986D3E9229B3470A00AE5B92 /* UserProfile.swift */; };
		986D3E9529B348CD00AE5B92 /* ResultViewController.swift in Sources */ = {isa = PBXBuildFile; fileRef = 986D3E9429B348CD00AE5B92 /* ResultViewController.swift */; };
		986D3E9729B348FF00AE5B92 /* ArtistViewController.swift in Sources */ = {isa = PBXBuildFile; fileRef = 986D3E9629B348FF00AE5B92 /* ArtistViewController.swift */; };
		986D3E9929B3491000AE5B92 /* ArtistDetailViewController.swift in Sources */ = {isa = PBXBuildFile; fileRef = 986D3E9829B3491000AE5B92 /* ArtistDetailViewController.swift */; };
/* End PBXBuildFile section */

/* Begin PBXContainerItemProxy section */
		986D3E6429B33F0600AE5B92 /* PBXContainerItemProxy */ = {
			isa = PBXContainerItemProxy;
			containerPortal = 986D3E4229B33F0500AE5B92 /* Project object */;
			proxyType = 1;
			remoteGlobalIDString = 986D3E4929B33F0500AE5B92;
			remoteInfo = SoundPlayCase;
		};
		986D3E6E29B33F0600AE5B92 /* PBXContainerItemProxy */ = {
			isa = PBXContainerItemProxy;
			containerPortal = 986D3E4229B33F0500AE5B92 /* Project object */;
			proxyType = 1;
			remoteGlobalIDString = 986D3E4929B33F0500AE5B92;
			remoteInfo = SoundPlayCase;
		};
/* End PBXContainerItemProxy section */

/* Begin PBXFileReference section */
		986D3E4A29B33F0500AE5B92 /* SoundPlayCase.app */ = {isa = PBXFileReference; explicitFileType = wrapper.application; includeInIndex = 0; path = SoundPlayCase.app; sourceTree = BUILT_PRODUCTS_DIR; };
		986D3E4D29B33F0500AE5B92 /* AppDelegate.swift */ = {isa = PBXFileReference; lastKnownFileType = sourcecode.swift; path = AppDelegate.swift; sourceTree = "<group>"; };
		986D3E4F29B33F0500AE5B92 /* SceneDelegate.swift */ = {isa = PBXFileReference; lastKnownFileType = sourcecode.swift; path = SceneDelegate.swift; sourceTree = "<group>"; };
		986D3E5129B33F0500AE5B92 /* HomeViewController.swift */ = {isa = PBXFileReference; lastKnownFileType = sourcecode.swift; path = HomeViewController.swift; sourceTree = "<group>"; };
		986D3E5729B33F0500AE5B92 /* SoundPlayCase.xcdatamodel */ = {isa = PBXFileReference; lastKnownFileType = wrapper.xcdatamodel; path = SoundPlayCase.xcdatamodel; sourceTree = "<group>"; };
		986D3E5929B33F0600AE5B92 /* Assets.xcassets */ = {isa = PBXFileReference; lastKnownFileType = folder.assetcatalog; path = Assets.xcassets; sourceTree = "<group>"; };
		986D3E5C29B33F0600AE5B92 /* Base */ = {isa = PBXFileReference; lastKnownFileType = file.storyboard; name = Base; path = Base.lproj/LaunchScreen.storyboard; sourceTree = "<group>"; };
		986D3E5E29B33F0600AE5B92 /* Info.plist */ = {isa = PBXFileReference; lastKnownFileType = text.plist.xml; path = Info.plist; sourceTree = "<group>"; };
		986D3E6329B33F0600AE5B92 /* SoundPlayCaseTests.xctest */ = {isa = PBXFileReference; explicitFileType = wrapper.cfbundle; includeInIndex = 0; path = SoundPlayCaseTests.xctest; sourceTree = BUILT_PRODUCTS_DIR; };
		986D3E6729B33F0600AE5B92 /* SoundPlayCaseTests.swift */ = {isa = PBXFileReference; lastKnownFileType = sourcecode.swift; path = SoundPlayCaseTests.swift; sourceTree = "<group>"; };
		986D3E6D29B33F0600AE5B92 /* SoundPlayCaseUITests.xctest */ = {isa = PBXFileReference; explicitFileType = wrapper.cfbundle; includeInIndex = 0; path = SoundPlayCaseUITests.xctest; sourceTree = BUILT_PRODUCTS_DIR; };
		986D3E7129B33F0600AE5B92 /* SoundPlayCaseUITests.swift */ = {isa = PBXFileReference; lastKnownFileType = sourcecode.swift; path = SoundPlayCaseUITests.swift; sourceTree = "<group>"; };
		986D3E7329B33F0600AE5B92 /* SoundPlayCaseUITestsLaunchTests.swift */ = {isa = PBXFileReference; lastKnownFileType = sourcecode.swift; path = SoundPlayCaseUITestsLaunchTests.swift; sourceTree = "<group>"; };
		986D3E8829B3455400AE5B92 /* TabBarViewController.swift */ = {isa = PBXFileReference; lastKnownFileType = sourcecode.swift; path = TabBarViewController.swift; sourceTree = "<group>"; };
		986D3E8A29B3465000AE5B92 /* AuthManager.swift */ = {isa = PBXFileReference; lastKnownFileType = sourcecode.swift; path = AuthManager.swift; sourceTree = "<group>"; };
		986D3E8C29B3466400AE5B92 /* APICaller.swift */ = {isa = PBXFileReference; lastKnownFileType = sourcecode.swift; path = APICaller.swift; sourceTree = "<group>"; };
		986D3E8E29B346E900AE5B92 /* Artist.swift */ = {isa = PBXFileReference; lastKnownFileType = sourcecode.swift; path = Artist.swift; sourceTree = "<group>"; };
		986D3E9029B346FF00AE5B92 /* Playlist.swift */ = {isa = PBXFileReference; lastKnownFileType = sourcecode.swift; path = Playlist.swift; sourceTree = "<group>"; };
		986D3E9229B3470A00AE5B92 /* UserProfile.swift */ = {isa = PBXFileReference; lastKnownFileType = sourcecode.swift; path = UserProfile.swift; sourceTree = "<group>"; };
		986D3E9429B348CD00AE5B92 /* ResultViewController.swift */ = {isa = PBXFileReference; lastKnownFileType = sourcecode.swift; path = ResultViewController.swift; sourceTree = "<group>"; };
		986D3E9629B348FF00AE5B92 /* ArtistViewController.swift */ = {isa = PBXFileReference; lastKnownFileType = sourcecode.swift; path = ArtistViewController.swift; sourceTree = "<group>"; };
		986D3E9829B3491000AE5B92 /* ArtistDetailViewController.swift */ = {isa = PBXFileReference; lastKnownFileType = sourcecode.swift; path = ArtistDetailViewController.swift; sourceTree = "<group>"; };
/* End PBXFileReference section */

/* Begin PBXFrameworksBuildPhase section */
		986D3E4729B33F0500AE5B92 /* Frameworks */ = {
			isa = PBXFrameworksBuildPhase;
			buildActionMask = 2147483647;
			files = (
			);
			runOnlyForDeploymentPostprocessing = 0;
		};
		986D3E6029B33F0600AE5B92 /* Frameworks */ = {
			isa = PBXFrameworksBuildPhase;
			buildActionMask = 2147483647;
			files = (
			);
			runOnlyForDeploymentPostprocessing = 0;
		};
		986D3E6A29B33F0600AE5B92 /* Frameworks */ = {
			isa = PBXFrameworksBuildPhase;
			buildActionMask = 2147483647;
			files = (
			);
			runOnlyForDeploymentPostprocessing = 0;
		};
/* End PBXFrameworksBuildPhase section */

/* Begin PBXGroup section */
		986D3E4129B33F0500AE5B92 = {
			isa = PBXGroup;
			children = (
				986D3E4C29B33F0500AE5B92 /* SoundPlayCase */,
				986D3E6629B33F0600AE5B92 /* SoundPlayCaseTests */,
				986D3E7029B33F0600AE5B92 /* SoundPlayCaseUITests */,
				986D3E4B29B33F0500AE5B92 /* Products */,
			);
			sourceTree = "<group>";
		};
		986D3E4B29B33F0500AE5B92 /* Products */ = {
			isa = PBXGroup;
			children = (
				986D3E4A29B33F0500AE5B92 /* SoundPlayCase.app */,
				986D3E6329B33F0600AE5B92 /* SoundPlayCaseTests.xctest */,
				986D3E6D29B33F0600AE5B92 /* SoundPlayCaseUITests.xctest */,
			);
			name = Products;
			sourceTree = "<group>";
		};
		986D3E4C29B33F0500AE5B92 /* SoundPlayCase */ = {
			isa = PBXGroup;
			children = (
				986D3E8529B3401500AE5B92 /* Resource */,
				986D3E8429B3400F00AE5B92 /* Manager */,
				986D3E8029B33FBD00AE5B92 /* Model */,
				986D3E8229B33FD200AE5B92 /* View */,
				986D3E8129B33FC600AE5B92 /* ViewModel */,
				986D3E8329B33FDF00AE5B92 /* Controller */,
				986D3E5E29B33F0600AE5B92 /* Info.plist */,
				986D3E5629B33F0500AE5B92 /* SoundPlayCase.xcdatamodeld */,
			);
			path = SoundPlayCase;
			sourceTree = "<group>";
		};
		986D3E6629B33F0600AE5B92 /* SoundPlayCaseTests */ = {
			isa = PBXGroup;
			children = (
				986D3E6729B33F0600AE5B92 /* SoundPlayCaseTests.swift */,
			);
			path = SoundPlayCaseTests;
			sourceTree = "<group>";
		};
		986D3E7029B33F0600AE5B92 /* SoundPlayCaseUITests */ = {
			isa = PBXGroup;
			children = (
				986D3E7129B33F0600AE5B92 /* SoundPlayCaseUITests.swift */,
				986D3E7329B33F0600AE5B92 /* SoundPlayCaseUITestsLaunchTests.swift */,
			);
			path = SoundPlayCaseUITests;
			sourceTree = "<group>";
		};
		986D3E8029B33FBD00AE5B92 /* Model */ = {
			isa = PBXGroup;
			children = (
				986D3E8E29B346E900AE5B92 /* Artist.swift */,
				986D3E9029B346FF00AE5B92 /* Playlist.swift */,
				986D3E9229B3470A00AE5B92 /* UserProfile.swift */,
			);
			path = Model;
			sourceTree = "<group>";
		};
		986D3E8129B33FC600AE5B92 /* ViewModel */ = {
			isa = PBXGroup;
			children = (
			);
			path = ViewModel;
			sourceTree = "<group>";
		};
		986D3E8229B33FD200AE5B92 /* View */ = {
			isa = PBXGroup;
			children = (
				986D3E5B29B33F0600AE5B92 /* LaunchScreen.storyboard */,
			);
			path = View;
			sourceTree = "<group>";
		};
		986D3E8329B33FDF00AE5B92 /* Controller */ = {
			isa = PBXGroup;
			children = (
				986D3E8729B3450900AE5B92 /* Other */,
				986D3E8629B3450400AE5B92 /* Core */,
			);
			path = Controller;
			sourceTree = "<group>";
		};
		986D3E8429B3400F00AE5B92 /* Manager */ = {
			isa = PBXGroup;
			children = (
				986D3E8A29B3465000AE5B92 /* AuthManager.swift */,
				986D3E8C29B3466400AE5B92 /* APICaller.swift */,
			);
			path = Manager;
			sourceTree = "<group>";
		};
		986D3E8529B3401500AE5B92 /* Resource */ = {
			isa = PBXGroup;
			children = (
				986D3E5929B33F0600AE5B92 /* Assets.xcassets */,
				986D3E4D29B33F0500AE5B92 /* AppDelegate.swift */,
				986D3E4F29B33F0500AE5B92 /* SceneDelegate.swift */,
			);
			path = Resource;
			sourceTree = "<group>";
		};
		986D3E8629B3450400AE5B92 /* Core */ = {
			isa = PBXGroup;
			children = (
				986D3E8829B3455400AE5B92 /* TabBarViewController.swift */,
				986D3E5129B33F0500AE5B92 /* HomeViewController.swift */,
				986D3E9429B348CD00AE5B92 /* ResultViewController.swift */,
				986D3E9629B348FF00AE5B92 /* ArtistViewController.swift */,
				986D3E9829B3491000AE5B92 /* ArtistDetailViewController.swift */,
			);
			path = Core;
			sourceTree = "<group>";
		};
		986D3E8729B3450900AE5B92 /* Other */ = {
			isa = PBXGroup;
			children = (
			);
			path = Other;
			sourceTree = "<group>";
		};
/* End PBXGroup section */

/* Begin PBXNativeTarget section */
		986D3E4929B33F0500AE5B92 /* SoundPlayCase */ = {
			isa = PBXNativeTarget;
			buildConfigurationList = 986D3E7729B33F0600AE5B92 /* Build configuration list for PBXNativeTarget "SoundPlayCase" */;
			buildPhases = (
				986D3E4629B33F0500AE5B92 /* Sources */,
				986D3E4729B33F0500AE5B92 /* Frameworks */,
				986D3E4829B33F0500AE5B92 /* Resources */,
			);
			buildRules = (
			);
			dependencies = (
			);
			name = SoundPlayCase;
			productName = SoundPlayCase;
			productReference = 986D3E4A29B33F0500AE5B92 /* SoundPlayCase.app */;
			productType = "com.apple.product-type.application";
		};
		986D3E6229B33F0600AE5B92 /* SoundPlayCaseTests */ = {
			isa = PBXNativeTarget;
			buildConfigurationList = 986D3E7A29B33F0600AE5B92 /* Build configuration list for PBXNativeTarget "SoundPlayCaseTests" */;
			buildPhases = (
				986D3E5F29B33F0600AE5B92 /* Sources */,
				986D3E6029B33F0600AE5B92 /* Frameworks */,
				986D3E6129B33F0600AE5B92 /* Resources */,
			);
			buildRules = (
			);
			dependencies = (
				986D3E6529B33F0600AE5B92 /* PBXTargetDependency */,
			);
			name = SoundPlayCaseTests;
			productName = SoundPlayCaseTests;
			productReference = 986D3E6329B33F0600AE5B92 /* SoundPlayCaseTests.xctest */;
			productType = "com.apple.product-type.bundle.unit-test";
		};
		986D3E6C29B33F0600AE5B92 /* SoundPlayCaseUITests */ = {
			isa = PBXNativeTarget;
			buildConfigurationList = 986D3E7D29B33F0600AE5B92 /* Build configuration list for PBXNativeTarget "SoundPlayCaseUITests" */;
			buildPhases = (
				986D3E6929B33F0600AE5B92 /* Sources */,
				986D3E6A29B33F0600AE5B92 /* Frameworks */,
				986D3E6B29B33F0600AE5B92 /* Resources */,
			);
			buildRules = (
			);
			dependencies = (
				986D3E6F29B33F0600AE5B92 /* PBXTargetDependency */,
			);
			name = SoundPlayCaseUITests;
			productName = SoundPlayCaseUITests;
			productReference = 986D3E6D29B33F0600AE5B92 /* SoundPlayCaseUITests.xctest */;
			productType = "com.apple.product-type.bundle.ui-testing";
		};
/* End PBXNativeTarget section */

/* Begin PBXProject section */
		986D3E4229B33F0500AE5B92 /* Project object */ = {
			isa = PBXProject;
			attributes = {
				BuildIndependentTargetsInParallel = 1;
				LastSwiftUpdateCheck = 1340;
				LastUpgradeCheck = 1340;
				TargetAttributes = {
					986D3E4929B33F0500AE5B92 = {
						CreatedOnToolsVersion = 13.4;
					};
					986D3E6229B33F0600AE5B92 = {
						CreatedOnToolsVersion = 13.4;
						TestTargetID = 986D3E4929B33F0500AE5B92;
					};
					986D3E6C29B33F0600AE5B92 = {
						CreatedOnToolsVersion = 13.4;
						TestTargetID = 986D3E4929B33F0500AE5B92;
					};
				};
			};
			buildConfigurationList = 986D3E4529B33F0500AE5B92 /* Build configuration list for PBXProject "SoundPlayCase" */;
			compatibilityVersion = "Xcode 13.0";
			developmentRegion = en;
			hasScannedForEncodings = 0;
			knownRegions = (
				en,
				Base,
			);
			mainGroup = 986D3E4129B33F0500AE5B92;
			productRefGroup = 986D3E4B29B33F0500AE5B92 /* Products */;
			projectDirPath = "";
			projectRoot = "";
			targets = (
				986D3E4929B33F0500AE5B92 /* SoundPlayCase */,
				986D3E6229B33F0600AE5B92 /* SoundPlayCaseTests */,
				986D3E6C29B33F0600AE5B92 /* SoundPlayCaseUITests */,
			);
		};
/* End PBXProject section */

/* Begin PBXResourcesBuildPhase section */
		986D3E4829B33F0500AE5B92 /* Resources */ = {
			isa = PBXResourcesBuildPhase;
			buildActionMask = 2147483647;
			files = (
				986D3E5D29B33F0600AE5B92 /* LaunchScreen.storyboard in Resources */,
				986D3E5A29B33F0600AE5B92 /* Assets.xcassets in Resources */,
			);
			runOnlyForDeploymentPostprocessing = 0;
		};
		986D3E6129B33F0600AE5B92 /* Resources */ = {
			isa = PBXResourcesBuildPhase;
			buildActionMask = 2147483647;
			files = (
			);
			runOnlyForDeploymentPostprocessing = 0;
		};
		986D3E6B29B33F0600AE5B92 /* Resources */ = {
			isa = PBXResourcesBuildPhase;
			buildActionMask = 2147483647;
			files = (
			);
			runOnlyForDeploymentPostprocessing = 0;
		};
/* End PBXResourcesBuildPhase section */

/* Begin PBXSourcesBuildPhase section */
		986D3E4629B33F0500AE5B92 /* Sources */ = {
			isa = PBXSourcesBuildPhase;
			buildActionMask = 2147483647;
			files = (
				986D3E5229B33F0500AE5B92 /* HomeViewController.swift in Sources */,
				986D3E8B29B3465000AE5B92 /* AuthManager.swift in Sources */,
				986D3E9329B3470A00AE5B92 /* UserProfile.swift in Sources */,
				986D3E9129B346FF00AE5B92 /* Playlist.swift in Sources */,
				986D3E5829B33F0500AE5B92 /* SoundPlayCase.xcdatamodeld in Sources */,
				986D3E8D29B3466400AE5B92 /* APICaller.swift in Sources */,
				986D3E4E29B33F0500AE5B92 /* AppDelegate.swift in Sources */,
				986D3E8F29B346E900AE5B92 /* Artist.swift in Sources */,
				986D3E8929B3455400AE5B92 /* TabBarViewController.swift in Sources */,
				986D3E9929B3491000AE5B92 /* ArtistDetailViewController.swift in Sources */,
				986D3E5029B33F0500AE5B92 /* SceneDelegate.swift in Sources */,
				986D3E9529B348CD00AE5B92 /* ResultViewController.swift in Sources */,
				986D3E9729B348FF00AE5B92 /* ArtistViewController.swift in Sources */,
			);
			runOnlyForDeploymentPostprocessing = 0;
		};
		986D3E5F29B33F0600AE5B92 /* Sources */ = {
			isa = PBXSourcesBuildPhase;
			buildActionMask = 2147483647;
			files = (
				986D3E6829B33F0600AE5B92 /* SoundPlayCaseTests.swift in Sources */,
			);
			runOnlyForDeploymentPostprocessing = 0;
		};
		986D3E6929B33F0600AE5B92 /* Sources */ = {
			isa = PBXSourcesBuildPhase;
			buildActionMask = 2147483647;
			files = (
				986D3E7429B33F0600AE5B92 /* SoundPlayCaseUITestsLaunchTests.swift in Sources */,
				986D3E7229B33F0600AE5B92 /* SoundPlayCaseUITests.swift in Sources */,
			);
			runOnlyForDeploymentPostprocessing = 0;
		};
/* End PBXSourcesBuildPhase section */

/* Begin PBXTargetDependency section */
		986D3E6529B33F0600AE5B92 /* PBXTargetDependency */ = {
			isa = PBXTargetDependency;
			target = 986D3E4929B33F0500AE5B92 /* SoundPlayCase */;
			targetProxy = 986D3E6429B33F0600AE5B92 /* PBXContainerItemProxy */;
		};
		986D3E6F29B33F0600AE5B92 /* PBXTargetDependency */ = {
			isa = PBXTargetDependency;
			target = 986D3E4929B33F0500AE5B92 /* SoundPlayCase */;
			targetProxy = 986D3E6E29B33F0600AE5B92 /* PBXContainerItemProxy */;
		};
/* End PBXTargetDependency section */

/* Begin PBXVariantGroup section */
		986D3E5B29B33F0600AE5B92 /* LaunchScreen.storyboard */ = {
			isa = PBXVariantGroup;
			children = (
				986D3E5C29B33F0600AE5B92 /* Base */,
			);
			name = LaunchScreen.storyboard;
			sourceTree = "<group>";
		};
/* End PBXVariantGroup section */

/* Begin XCBuildConfiguration section */
		986D3E7529B33F0600AE5B92 /* Debug */ = {
			isa = XCBuildConfiguration;
			buildSettings = {
				ALWAYS_SEARCH_USER_PATHS = NO;
				CLANG_ANALYZER_NONNULL = YES;
				CLANG_ANALYZER_NUMBER_OBJECT_CONVERSION = YES_AGGRESSIVE;
				CLANG_CXX_LANGUAGE_STANDARD = "gnu++17";
				CLANG_ENABLE_MODULES = YES;
				CLANG_ENABLE_OBJC_ARC = YES;
				CLANG_ENABLE_OBJC_WEAK = YES;
				CLANG_WARN_BLOCK_CAPTURE_AUTORELEASING = YES;
				CLANG_WARN_BOOL_CONVERSION = YES;
				CLANG_WARN_COMMA = YES;
				CLANG_WARN_CONSTANT_CONVERSION = YES;
				CLANG_WARN_DEPRECATED_OBJC_IMPLEMENTATIONS = YES;
				CLANG_WARN_DIRECT_OBJC_ISA_USAGE = YES_ERROR;
				CLANG_WARN_DOCUMENTATION_COMMENTS = YES;
				CLANG_WARN_EMPTY_BODY = YES;
				CLANG_WARN_ENUM_CONVERSION = YES;
				CLANG_WARN_INFINITE_RECURSION = YES;
				CLANG_WARN_INT_CONVERSION = YES;
				CLANG_WARN_NON_LITERAL_NULL_CONVERSION = YES;
				CLANG_WARN_OBJC_IMPLICIT_RETAIN_SELF = YES;
				CLANG_WARN_OBJC_LITERAL_CONVERSION = YES;
				CLANG_WARN_OBJC_ROOT_CLASS = YES_ERROR;
				CLANG_WARN_QUOTED_INCLUDE_IN_FRAMEWORK_HEADER = YES;
				CLANG_WARN_RANGE_LOOP_ANALYSIS = YES;
				CLANG_WARN_STRICT_PROTOTYPES = YES;
				CLANG_WARN_SUSPICIOUS_MOVE = YES;
				CLANG_WARN_UNGUARDED_AVAILABILITY = YES_AGGRESSIVE;
				CLANG_WARN_UNREACHABLE_CODE = YES;
				CLANG_WARN__DUPLICATE_METHOD_MATCH = YES;
				COPY_PHASE_STRIP = NO;
				DEBUG_INFORMATION_FORMAT = dwarf;
				ENABLE_STRICT_OBJC_MSGSEND = YES;
				ENABLE_TESTABILITY = YES;
				GCC_C_LANGUAGE_STANDARD = gnu11;
				GCC_DYNAMIC_NO_PIC = NO;
				GCC_NO_COMMON_BLOCKS = YES;
				GCC_OPTIMIZATION_LEVEL = 0;
				GCC_PREPROCESSOR_DEFINITIONS = (
					"DEBUG=1",
					"$(inherited)",
				);
				GCC_WARN_64_TO_32_BIT_CONVERSION = YES;
				GCC_WARN_ABOUT_RETURN_TYPE = YES_ERROR;
				GCC_WARN_UNDECLARED_SELECTOR = YES;
				GCC_WARN_UNINITIALIZED_AUTOS = YES_AGGRESSIVE;
				GCC_WARN_UNUSED_FUNCTION = YES;
				GCC_WARN_UNUSED_VARIABLE = YES;
				IPHONEOS_DEPLOYMENT_TARGET = 15.5;
				MTL_ENABLE_DEBUG_INFO = INCLUDE_SOURCE;
				MTL_FAST_MATH = YES;
				ONLY_ACTIVE_ARCH = YES;
				SDKROOT = iphoneos;
				SWIFT_ACTIVE_COMPILATION_CONDITIONS = DEBUG;
				SWIFT_OPTIMIZATION_LEVEL = "-Onone";
			};
			name = Debug;
		};
		986D3E7629B33F0600AE5B92 /* Release */ = {
			isa = XCBuildConfiguration;
			buildSettings = {
				ALWAYS_SEARCH_USER_PATHS = NO;
				CLANG_ANALYZER_NONNULL = YES;
				CLANG_ANALYZER_NUMBER_OBJECT_CONVERSION = YES_AGGRESSIVE;
				CLANG_CXX_LANGUAGE_STANDARD = "gnu++17";
				CLANG_ENABLE_MODULES = YES;
				CLANG_ENABLE_OBJC_ARC = YES;
				CLANG_ENABLE_OBJC_WEAK = YES;
				CLANG_WARN_BLOCK_CAPTURE_AUTORELEASING = YES;
				CLANG_WARN_BOOL_CONVERSION = YES;
				CLANG_WARN_COMMA = YES;
				CLANG_WARN_CONSTANT_CONVERSION = YES;
				CLANG_WARN_DEPRECATED_OBJC_IMPLEMENTATIONS = YES;
				CLANG_WARN_DIRECT_OBJC_ISA_USAGE = YES_ERROR;
				CLANG_WARN_DOCUMENTATION_COMMENTS = YES;
				CLANG_WARN_EMPTY_BODY = YES;
				CLANG_WARN_ENUM_CONVERSION = YES;
				CLANG_WARN_INFINITE_RECURSION = YES;
				CLANG_WARN_INT_CONVERSION = YES;
				CLANG_WARN_NON_LITERAL_NULL_CONVERSION = YES;
				CLANG_WARN_OBJC_IMPLICIT_RETAIN_SELF = YES;
				CLANG_WARN_OBJC_LITERAL_CONVERSION = YES;
				CLANG_WARN_OBJC_ROOT_CLASS = YES_ERROR;
				CLANG_WARN_QUOTED_INCLUDE_IN_FRAMEWORK_HEADER = YES;
				CLANG_WARN_RANGE_LOOP_ANALYSIS = YES;
				CLANG_WARN_STRICT_PROTOTYPES = YES;
				CLANG_WARN_SUSPICIOUS_MOVE = YES;
				CLANG_WARN_UNGUARDED_AVAILABILITY = YES_AGGRESSIVE;
				CLANG_WARN_UNREACHABLE_CODE = YES;
				CLANG_WARN__DUPLICATE_METHOD_MATCH = YES;
				COPY_PHASE_STRIP = NO;
				DEBUG_INFORMATION_FORMAT = "dwarf-with-dsym";
				ENABLE_NS_ASSERTIONS = NO;
				ENABLE_STRICT_OBJC_MSGSEND = YES;
				GCC_C_LANGUAGE_STANDARD = gnu11;
				GCC_NO_COMMON_BLOCKS = YES;
				GCC_WARN_64_TO_32_BIT_CONVERSION = YES;
				GCC_WARN_ABOUT_RETURN_TYPE = YES_ERROR;
				GCC_WARN_UNDECLARED_SELECTOR = YES;
				GCC_WARN_UNINITIALIZED_AUTOS = YES_AGGRESSIVE;
				GCC_WARN_UNUSED_FUNCTION = YES;
				GCC_WARN_UNUSED_VARIABLE = YES;
				IPHONEOS_DEPLOYMENT_TARGET = 15.5;
				MTL_ENABLE_DEBUG_INFO = NO;
				MTL_FAST_MATH = YES;
				SDKROOT = iphoneos;
				SWIFT_COMPILATION_MODE = wholemodule;
				SWIFT_OPTIMIZATION_LEVEL = "-O";
				VALIDATE_PRODUCT = YES;
			};
			name = Release;
		};
		986D3E7829B33F0600AE5B92 /* Debug */ = {
			isa = XCBuildConfiguration;
			buildSettings = {
				ASSETCATALOG_COMPILER_APPICON_NAME = AppIcon;
				ASSETCATALOG_COMPILER_GLOBAL_ACCENT_COLOR_NAME = AccentColor;
				CODE_SIGN_STYLE = Automatic;
				CURRENT_PROJECT_VERSION = 1;
				DEVELOPMENT_TEAM = 86K5MCS6KQ;
				GENERATE_INFOPLIST_FILE = YES;
				INFOPLIST_FILE = SoundPlayCase/Info.plist;
				INFOPLIST_KEY_UIApplicationSupportsIndirectInputEvents = YES;
				INFOPLIST_KEY_UILaunchStoryboardName = LaunchScreen;
				INFOPLIST_KEY_UISupportedInterfaceOrientations_iPad = "UIInterfaceOrientationPortrait UIInterfaceOrientationPortraitUpsideDown UIInterfaceOrientationLandscapeLeft UIInterfaceOrientationLandscapeRight";
				INFOPLIST_KEY_UISupportedInterfaceOrientations_iPhone = "UIInterfaceOrientationPortrait UIInterfaceOrientationLandscapeLeft UIInterfaceOrientationLandscapeRight";
				LD_RUNPATH_SEARCH_PATHS = (
					"$(inherited)",
					"@executable_path/Frameworks",
				);
				MARKETING_VERSION = 1.0;
				PRODUCT_BUNDLE_IDENTIFIER = onursapan.SoundPlayCase;
				PRODUCT_NAME = "$(TARGET_NAME)";
				SWIFT_EMIT_LOC_STRINGS = YES;
				SWIFT_VERSION = 5.0;
				TARGETED_DEVICE_FAMILY = "1,2";
			};
			name = Debug;
		};
		986D3E7929B33F0600AE5B92 /* Release */ = {
			isa = XCBuildConfiguration;
			buildSettings = {
				ASSETCATALOG_COMPILER_APPICON_NAME = AppIcon;
				ASSETCATALOG_COMPILER_GLOBAL_ACCENT_COLOR_NAME = AccentColor;
				CODE_SIGN_STYLE = Automatic;
				CURRENT_PROJECT_VERSION = 1;
				DEVELOPMENT_TEAM = 86K5MCS6KQ;
				GENERATE_INFOPLIST_FILE = YES;
				INFOPLIST_FILE = SoundPlayCase/Info.plist;
				INFOPLIST_KEY_UIApplicationSupportsIndirectInputEvents = YES;
				INFOPLIST_KEY_UILaunchStoryboardName = LaunchScreen;
				INFOPLIST_KEY_UISupportedInterfaceOrientations_iPad = "UIInterfaceOrientationPortrait UIInterfaceOrientationPortraitUpsideDown UIInterfaceOrientationLandscapeLeft UIInterfaceOrientationLandscapeRight";
				INFOPLIST_KEY_UISupportedInterfaceOrientations_iPhone = "UIInterfaceOrientationPortrait UIInterfaceOrientationLandscapeLeft UIInterfaceOrientationLandscapeRight";
				LD_RUNPATH_SEARCH_PATHS = (
					"$(inherited)",
					"@executable_path/Frameworks",
				);
				MARKETING_VERSION = 1.0;
				PRODUCT_BUNDLE_IDENTIFIER = onursapan.SoundPlayCase;
				PRODUCT_NAME = "$(TARGET_NAME)";
				SWIFT_EMIT_LOC_STRINGS = YES;
				SWIFT_VERSION = 5.0;
				TARGETED_DEVICE_FAMILY = "1,2";
			};
			name = Release;
		};
		986D3E7B29B33F0600AE5B92 /* Debug */ = {
			isa = XCBuildConfiguration;
			buildSettings = {
				ALWAYS_EMBED_SWIFT_STANDARD_LIBRARIES = YES;
				BUNDLE_LOADER = "$(TEST_HOST)";
				CODE_SIGN_STYLE = Automatic;
				CURRENT_PROJECT_VERSION = 1;
				DEVELOPMENT_TEAM = 86K5MCS6KQ;
				GENERATE_INFOPLIST_FILE = YES;
				IPHONEOS_DEPLOYMENT_TARGET = 15.5;
				MARKETING_VERSION = 1.0;
				PRODUCT_BUNDLE_IDENTIFIER = onursapan.SoundPlayCaseTests;
				PRODUCT_NAME = "$(TARGET_NAME)";
				SWIFT_EMIT_LOC_STRINGS = NO;
				SWIFT_VERSION = 5.0;
				TARGETED_DEVICE_FAMILY = "1,2";
				TEST_HOST = "$(BUILT_PRODUCTS_DIR)/SoundPlayCase.app/SoundPlayCase";
			};
			name = Debug;
		};
		986D3E7C29B33F0600AE5B92 /* Release */ = {
			isa = XCBuildConfiguration;
			buildSettings = {
				ALWAYS_EMBED_SWIFT_STANDARD_LIBRARIES = YES;
				BUNDLE_LOADER = "$(TEST_HOST)";
				CODE_SIGN_STYLE = Automatic;
				CURRENT_PROJECT_VERSION = 1;
				DEVELOPMENT_TEAM = 86K5MCS6KQ;
				GENERATE_INFOPLIST_FILE = YES;
				IPHONEOS_DEPLOYMENT_TARGET = 15.5;
				MARKETING_VERSION = 1.0;
				PRODUCT_BUNDLE_IDENTIFIER = onursapan.SoundPlayCaseTests;
				PRODUCT_NAME = "$(TARGET_NAME)";
				SWIFT_EMIT_LOC_STRINGS = NO;
				SWIFT_VERSION = 5.0;
				TARGETED_DEVICE_FAMILY = "1,2";
				TEST_HOST = "$(BUILT_PRODUCTS_DIR)/SoundPlayCase.app/SoundPlayCase";
			};
			name = Release;
		};
		986D3E7E29B33F0600AE5B92 /* Debug */ = {
			isa = XCBuildConfiguration;
			buildSettings = {
				ALWAYS_EMBED_SWIFT_STANDARD_LIBRARIES = YES;
				CODE_SIGN_STYLE = Automatic;
				CURRENT_PROJECT_VERSION = 1;
				DEVELOPMENT_TEAM = 86K5MCS6KQ;
				GENERATE_INFOPLIST_FILE = YES;
				MARKETING_VERSION = 1.0;
				PRODUCT_BUNDLE_IDENTIFIER = onursapan.SoundPlayCaseUITests;
				PRODUCT_NAME = "$(TARGET_NAME)";
				SWIFT_EMIT_LOC_STRINGS = NO;
				SWIFT_VERSION = 5.0;
				TARGETED_DEVICE_FAMILY = "1,2";
				TEST_TARGET_NAME = SoundPlayCase;
			};
			name = Debug;
		};
		986D3E7F29B33F0600AE5B92 /* Release */ = {
			isa = XCBuildConfiguration;
			buildSettings = {
				ALWAYS_EMBED_SWIFT_STANDARD_LIBRARIES = YES;
				CODE_SIGN_STYLE = Automatic;
				CURRENT_PROJECT_VERSION = 1;
				DEVELOPMENT_TEAM = 86K5MCS6KQ;
				GENERATE_INFOPLIST_FILE = YES;
				MARKETING_VERSION = 1.0;
				PRODUCT_BUNDLE_IDENTIFIER = onursapan.SoundPlayCaseUITests;
				PRODUCT_NAME = "$(TARGET_NAME)";
				SWIFT_EMIT_LOC_STRINGS = NO;
				SWIFT_VERSION = 5.0;
				TARGETED_DEVICE_FAMILY = "1,2";
				TEST_TARGET_NAME = SoundPlayCase;
			};
			name = Release;
		};
/* End XCBuildConfiguration section */

/* Begin XCConfigurationList section */
		986D3E4529B33F0500AE5B92 /* Build configuration list for PBXProject "SoundPlayCase" */ = {
			isa = XCConfigurationList;
			buildConfigurations = (
				986D3E7529B33F0600AE5B92 /* Debug */,
				986D3E7629B33F0600AE5B92 /* Release */,
			);
			defaultConfigurationIsVisible = 0;
			defaultConfigurationName = Release;
		};
		986D3E7729B33F0600AE5B92 /* Build configuration list for PBXNativeTarget "SoundPlayCase" */ = {
			isa = XCConfigurationList;
			buildConfigurations = (
				986D3E7829B33F0600AE5B92 /* Debug */,
				986D3E7929B33F0600AE5B92 /* Release */,
			);
			defaultConfigurationIsVisible = 0;
			defaultConfigurationName = Release;
		};
		986D3E7A29B33F0600AE5B92 /* Build configuration list for PBXNativeTarget "SoundPlayCaseTests" */ = {
			isa = XCConfigurationList;
			buildConfigurations = (
				986D3E7B29B33F0600AE5B92 /* Debug */,
				986D3E7C29B33F0600AE5B92 /* Release */,
			);
			defaultConfigurationIsVisible = 0;
			defaultConfigurationName = Release;
		};
		986D3E7D29B33F0600AE5B92 /* Build configuration list for PBXNativeTarget "SoundPlayCaseUITests" */ = {
			isa = XCConfigurationList;
			buildConfigurations = (
				986D3E7E29B33F0600AE5B92 /* Debug */,
				986D3E7F29B33F0600AE5B92 /* Release */,
			);
			defaultConfigurationIsVisible = 0;
			defaultConfigurationName = Release;
		};
/* End XCConfigurationList section */

/* Begin XCVersionGroup section */
		986D3E5629B33F0500AE5B92 /* SoundPlayCase.xcdatamodeld */ = {
			isa = XCVersionGroup;
			children = (
				986D3E5729B33F0500AE5B92 /* SoundPlayCase.xcdatamodel */,
			);
			currentVersion = 986D3E5729B33F0500AE5B92 /* SoundPlayCase.xcdatamodel */;
			path = SoundPlayCase.xcdatamodeld;
			sourceTree = "<group>";
			versionGroupType = wrapper.xcdatamodel;
		};
/* End XCVersionGroup section */
	};
	rootObject = 986D3E4229B33F0500AE5B92 /* Project object */;
}
